
Microsoft Visual Studio Solution File, Format Version 12.00
# Visual Studio Version 16
VisualStudioVersion = 16.0.32228.343
MinimumVisualStudioVersion = 10.0.40219.1
Project("{FAE04EC0-301F-11D3-BF4B-00C04F79EFBC}") = "FolderCrawling", "FolderCrawling\FolderCrawling.csproj", "{A232735C-F973-439D-8913-FE73A644482C}"
EndProject
Global
	GlobalSection(SolutionConfigurationPlatforms) = preSolution
		Debug|Any CPU = Debug|Any CPU
		Release|Any CPU = Release|Any CPU
	EndGlobalSection
	GlobalSection(ProjectConfigurationPlatforms) = postSolution
		{A232735C-F973-439D-8913-FE73A644482C}.Debug|Any CPU.ActiveCfg = Debug|Any CPU
		{A232735C-F973-439D-8913-FE73A644482C}.Debug|Any CPU.Build.0 = Debug|Any CPU
		{A232735C-F973-439D-8913-FE73A644482C}.Release|Any CPU.ActiveCfg = Release|Any CPU
		{A232735C-F973-439D-8913-FE73A644482C}.Release|Any CPU.Build.0 = Release|Any CPU
	EndGlobalSection
	GlobalSection(SolutionProperties) = preSolution
		HideSolutionNode = FALSE
	EndGlobalSection
	GlobalSection(ExtensibilityGlobals) = postSolution
		SolutionGuid = {0C0168C8-707B-4A48-9481-FEFB949E3128}
	EndGlobalSection
EndGlobal
